// !$*UTF8*$!
{
	archiveVersion = 1;
	classes = {
	};
	objectVersion = 48;
	objects = {

/* Begin PBXBuildFile section */
		BE7597FE2016C9220035D119 /* addItemViewController.swift in Sources */ = {isa = PBXBuildFile; fileRef = BE7597FD2016C9220035D119 /* addItemViewController.swift */; };
		BE7598002016F7400035D119 /* ToDoListViewControllerDelegate.swift in Sources */ = {isa = PBXBuildFile; fileRef = BE7597FF2016F7400035D119 /* ToDoListViewControllerDelegate.swift */; };
		BEAF86C52016ADEC007BD17B /* AppDelegate.swift in Sources */ = {isa = PBXBuildFile; fileRef = BEAF86C42016ADEC007BD17B /* AppDelegate.swift */; };
		BEAF86C72016ADEC007BD17B /* ToDoListViewController.swift in Sources */ = {isa = PBXBuildFile; fileRef = BEAF86C62016ADEC007BD17B /* ToDoListViewController.swift */; };
		BEAF86CA2016ADEC007BD17B /* Main.storyboard in Resources */ = {isa = PBXBuildFile; fileRef = BEAF86C82016ADEC007BD17B /* Main.storyboard */; };
		BEAF86CD2016ADEC007BD17B /* TodoList.xcdatamodeld in Sources */ = {isa = PBXBuildFile; fileRef = BEAF86CB2016ADEC007BD17B /* TodoList.xcdatamodeld */; };
		BEAF86CF2016ADEC007BD17B /* Assets.xcassets in Resources */ = {isa = PBXBuildFile; fileRef = BEAF86CE2016ADEC007BD17B /* Assets.xcassets */; };
		BEAF86D22016ADEC007BD17B /* LaunchScreen.storyboard in Resources */ = {isa = PBXBuildFile; fileRef = BEAF86D02016ADEC007BD17B /* LaunchScreen.storyboard */; };
		BEFDD5E72017CA990015EA1D /* CustomCell.swift in Sources */ = {isa = PBXBuildFile; fileRef = BEFDD5E62017CA990015EA1D /* CustomCell.swift */; };
/* End PBXBuildFile section */

/* Begin PBXFileReference section */
		BE7597FD2016C9220035D119 /* addItemViewController.swift */ = {isa = PBXFileReference; lastKnownFileType = sourcecode.swift; path = addItemViewController.swift; sourceTree = "<group>"; };
		BE7597FF2016F7400035D119 /* ToDoListViewControllerDelegate.swift */ = {isa = PBXFileReference; lastKnownFileType = sourcecode.swift; path = ToDoListViewControllerDelegate.swift; sourceTree = "<group>"; };
		BEAF86C12016ADEC007BD17B /* TodoList.app */ = {isa = PBXFileReference; explicitFileType = wrapper.application; includeInIndex = 0; path = TodoList.app; sourceTree = BUILT_PRODUCTS_DIR; };
		BEAF86C42016ADEC007BD17B /* AppDelegate.swift */ = {isa = PBXFileReference; lastKnownFileType = sourcecode.swift; path = AppDelegate.swift; sourceTree = "<group>"; };
		BEAF86C62016ADEC007BD17B /* ToDoListViewController.swift */ = {isa = PBXFileReference; lastKnownFileType = sourcecode.swift; path = ToDoListViewController.swift; sourceTree = "<group>"; };
		BEAF86C92016ADEC007BD17B /* Base */ = {isa = PBXFileReference; lastKnownFileType = file.storyboard; name = Base; path = Base.lproj/Main.storyboard; sourceTree = "<group>"; };
		BEAF86CC2016ADEC007BD17B /* TodoList.xcdatamodel */ = {isa = PBXFileReference; lastKnownFileType = wrapper.xcdatamodel; path = TodoList.xcdatamodel; sourceTree = "<group>"; };
		BEAF86CE2016ADEC007BD17B /* Assets.xcassets */ = {isa = PBXFileReference; lastKnownFileType = folder.assetcatalog; path = Assets.xcassets; sourceTree = "<group>"; };
		BEAF86D12016ADEC007BD17B /* Base */ = {isa = PBXFileReference; lastKnownFileType = file.storyboard; name = Base; path = Base.lproj/LaunchScreen.storyboard; sourceTree = "<group>"; };
		BEAF86D32016ADEC007BD17B /* Info.plist */ = {isa = PBXFileReference; lastKnownFileType = text.plist.xml; path = Info.plist; sourceTree = "<group>"; };
		BEFDD5E62017CA990015EA1D /* CustomCell.swift */ = {isa = PBXFileReference; lastKnownFileType = sourcecode.swift; path = CustomCell.swift; sourceTree = "<group>"; };
/* End PBXFileReference section */

/* Begin PBXFrameworksBuildPhase section */
		BEAF86BE2016ADEC007BD17B /* Frameworks */ = {
			isa = PBXFrameworksBuildPhase;
			buildActionMask = 2147483647;
			files = (
			);
			runOnlyForDeploymentPostprocessing = 0;
		};
/* End PBXFrameworksBuildPhase section */

/* Begin PBXGroup section */
		BEAF86B82016ADEC007BD17B = {
			isa = PBXGroup;
			children = (
				BEAF86C32016ADEC007BD17B /* TodoList */,
				BEAF86C22016ADEC007BD17B /* Products */,
			);
			sourceTree = "<group>";
		};
		BEAF86C22016ADEC007BD17B /* Products */ = {
			isa = PBXGroup;
			children = (
				BEAF86C12016ADEC007BD17B /* TodoList.app */,
			);
			name = Products;
			sourceTree = "<group>";
		};
		BEAF86C32016ADEC007BD17B /* TodoList */ = {
			isa = PBXGroup;
			children = (
				BEAF86C42016ADEC007BD17B /* AppDelegate.swift */,
				BEFDD5E62017CA990015EA1D /* CustomCell.swift */,
				BEAF86D92016AE05007BD17B /* Controllers */,
				BEAF86DA2016AE27007BD17B /* Views */,
				BEAF86DB2016AE3E007BD17B /* Supporting Files */,
				BEAF86D32016ADEC007BD17B /* Info.plist */,
				BEAF86DC2016B060007BD17B /* Data Model */,
			);
			path = TodoList;
			sourceTree = "<group>";
		};
		BEAF86D92016AE05007BD17B /* Controllers */ = {
			isa = PBXGroup;
			children = (
				BE7597FD2016C9220035D119 /* addItemViewController.swift */,
				BE7597FF2016F7400035D119 /* ToDoListViewControllerDelegate.swift */,
				BEAF86C62016ADEC007BD17B /* ToDoListViewController.swift */,
			);
			path = Controllers;
			sourceTree = "<group>";
		};
		BEAF86DA2016AE27007BD17B /* Views */ = {
			isa = PBXGroup;
			children = (
				BEAF86C82016ADEC007BD17B /* Main.storyboard */,
			);
			path = Views;
			sourceTree = "<group>";
		};
		BEAF86DB2016AE3E007BD17B /* Supporting Files */ = {
			isa = PBXGroup;
			children = (
				BEAF86CE2016ADEC007BD17B /* Assets.xcassets */,
				BEAF86D02016ADEC007BD17B /* LaunchScreen.storyboard */,
			);
			path = "Supporting Files";
			sourceTree = "<group>";
		};
		BEAF86DC2016B060007BD17B /* Data Model */ = {
			isa = PBXGroup;
			children = (
				BEAF86CB2016ADEC007BD17B /* TodoList.xcdatamodeld */,
			);
			path = "Data Model";
			sourceTree = "<group>";
		};
/* End PBXGroup section */

/* Begin PBXNativeTarget section */
		BEAF86C02016ADEC007BD17B /* TodoList */ = {
			isa = PBXNativeTarget;
			buildConfigurationList = BEAF86D62016ADEC007BD17B /* Build configuration list for PBXNativeTarget "TodoList" */;
			buildPhases = (
				BEAF86BD2016ADEC007BD17B /* Sources */,
				BEAF86BE2016ADEC007BD17B /* Frameworks */,
				BEAF86BF2016ADEC007BD17B /* Resources */,
			);
			buildRules = (
			);
			dependencies = (
			);
			name = TodoList;
			productName = TodoList;
			productReference = BEAF86C12016ADEC007BD17B /* TodoList.app */;
			productType = "com.apple.product-type.application";
		};
/* End PBXNativeTarget section */

/* Begin PBXProject section */
		BEAF86B92016ADEC007BD17B /* Project object */ = {
			isa = PBXProject;
			attributes = {
				LastSwiftUpdateCheck = 0920;
				LastUpgradeCheck = 0920;
				ORGANIZATIONNAME = "Yanet Leon";
				TargetAttributes = {
					BEAF86C02016ADEC007BD17B = {
						CreatedOnToolsVersion = 9.2;
						ProvisioningStyle = Automatic;
					};
				};
			};
			buildConfigurationList = BEAF86BC2016ADEC007BD17B /* Build configuration list for PBXProject "TodoList" */;
			compatibilityVersion = "Xcode 8.0";
			developmentRegion = en;
			hasScannedForEncodings = 0;
			knownRegions = (
				en,
				Base,
			);
			mainGroup = BEAF86B82016ADEC007BD17B;
			productRefGroup = BEAF86C22016ADEC007BD17B /* Products */;
			projectDirPath = "";
			projectRoot = "";
			targets = (
				BEAF86C02016ADEC007BD17B /* TodoList */,
			);
		};
/* End PBXProject section */

/* Begin PBXResourcesBuildPhase section */
		BEAF86BF2016ADEC007BD17B /* Resources */ = {
			isa = PBXResourcesBuildPhase;
			buildActionMask = 2147483647;
			files = (
				BEAF86D22016ADEC007BD17B /* LaunchScreen.storyboard in Resources */,
				BEAF86CF2016ADEC007BD17B /* Assets.xcassets in Resources */,
				BEAF86CA2016ADEC007BD17B /* Main.storyboard in Resources */,
			);
			runOnlyForDeploymentPostprocessing = 0;
		};
/* End PBXResourcesBuildPhase section */

/* Begin PBXSourcesBuildPhase section */
		BEAF86BD2016ADEC007BD17B /* Sources */ = {
			isa = PBXSourcesBuildPhase;
			buildActionMask = 2147483647;
			files = (
				BEAF86C72016ADEC007BD17B /* ToDoListViewController.swift in Sources */,
				BE7598002016F7400035D119 /* ToDoListViewControllerDelegate.swift in Sources */,
				BE7597FE2016C9220035D119 /* addItemViewController.swift in Sources */,
				BEAF86C52016ADEC007BD17B /* AppDelegate.swift in Sources */,
				BEFDD5E72017CA990015EA1D /* CustomCell.swift in Sources */,
				BEAF86CD2016ADEC007BD17B /* TodoList.xcdatamodeld in Sources */,
			);
			runOnlyForDeploymentPostprocessing = 0;
		};
/* End PBXSourcesBuildPhase section */

/* Begin PBXVariantGroup section */
		BEAF86C82016ADEC007BD17B /* Main.storyboard */ = {
			isa = PBXVariantGroup;
			children = (
				BEAF86C92016ADEC007BD17B /* Base */,
			);
			name = Main.storyboard;
			sourceTree = "<group>";
		};
		BEAF86D02016ADEC007BD17B /* LaunchScreen.storyboard */ = {
			isa = PBXVariantGroup;
			children = (
				BEAF86D12016ADEC007BD17B /* Base */,
			);
			name = LaunchScreen.storyboard;
			sourceTree = "<group>";
		};
/* End PBXVariantGroup section */

/* Begin XCBuildConfiguration section */
		BEAF86D42016ADEC007BD17B /* Debug */ = {
			isa = XCBuildConfiguration;
			buildSettings = {
				ALWAYS_SEARCH_USER_PATHS = NO;
				CLANG_ANALYZER_NONNULL = YES;
				CLANG_ANALYZER_NUMBER_OBJECT_CONVERSION = YES_AGGRESSIVE;
				CLANG_CXX_LANGUAGE_STANDARD = "gnu++14";
				CLANG_CXX_LIBRARY = "libc++";
				CLANG_ENABLE_MODULES = YES;
				CLANG_ENABLE_OBJC_ARC = YES;
				CLANG_WARN_BLOCK_CAPTURE_AUTORELEASING = YES;
				CLANG_WARN_BOOL_CONVERSION = YES;
				CLANG_WARN_COMMA = YES;
				CLANG_WARN_CONSTANT_CONVERSION = YES;
				CLANG_WARN_DIRECT_OBJC_ISA_USAGE = YES_ERROR;
				CLANG_WARN_DOCUMENTATION_COMMENTS = YES;
				CLANG_WARN_EMPTY_BODY = YES;
				CLANG_WARN_ENUM_CONVERSION = YES;
				CLANG_WARN_INFINITE_RECURSION = YES;
				CLANG_WARN_INT_CONVERSION = YES;
				CLANG_WARN_NON_LITERAL_NULL_CONVERSION = YES;
				CLANG_WARN_OBJC_LITERAL_CONVERSION = YES;
				CLANG_WARN_OBJC_ROOT_CLASS = YES_ERROR;
				CLANG_WARN_RANGE_LOOP_ANALYSIS = YES;
				CLANG_WARN_STRICT_PROTOTYPES = YES;
				CLANG_WARN_SUSPICIOUS_MOVE = YES;
				CLANG_WARN_UNGUARDED_AVAILABILITY = YES_AGGRESSIVE;
				CLANG_WARN_UNREACHABLE_CODE = YES;
				CLANG_WARN__DUPLICATE_METHOD_MATCH = YES;
				CODE_SIGN_IDENTITY = "iPhone Developer";
				COPY_PHASE_STRIP = NO;
				DEBUG_INFORMATION_FORMAT = dwarf;
				ENABLE_STRICT_OBJC_MSGSEND = YES;
				ENABLE_TESTABILITY = YES;
				GCC_C_LANGUAGE_STANDARD = gnu11;
				GCC_DYNAMIC_NO_PIC = NO;
				GCC_NO_COMMON_BLOCKS = YES;
				GCC_OPTIMIZATION_LEVEL = 0;
				GCC_PREPROCESSOR_DEFINITIONS = (
					"DEBUG=1",
					"$(inherited)",
				);
				GCC_WARN_64_TO_32_BIT_CONVERSION = YES;
				GCC_WARN_ABOUT_RETURN_TYPE = YES_ERROR;
				GCC_WARN_UNDECLARED_SELECTOR = YES;
				GCC_WARN_UNINITIALIZED_AUTOS = YES_AGGRESSIVE;
				GCC_WARN_UNUSED_FUNCTION = YES;
				GCC_WARN_UNUSED_VARIABLE = YES;
				IPHONEOS_DEPLOYMENT_TARGET = 11.2;
				MTL_ENABLE_DEBUG_INFO = YES;
				ONLY_ACTIVE_ARCH = YES;
				SDKROOT = iphoneos;
				SWIFT_ACTIVE_COMPILATION_CONDITIONS = DEBUG;
				SWIFT_OPTIMIZATION_LEVEL = "-Onone";
			};
			name = Debug;
		};
		BEAF86D52016ADEC007BD17B /* Release */ = {
			isa = XCBuildConfiguration;
			buildSettings = {
				ALWAYS_SEARCH_USER_PATHS = NO;
				CLANG_ANALYZER_NONNULL = YES;
				CLANG_ANALYZER_NUMBER_OBJECT_CONVERSION = YES_AGGRESSIVE;
				CLANG_CXX_LANGUAGE_STANDARD = "gnu++14";
				CLANG_CXX_LIBRARY = "libc++";
				CLANG_ENABLE_MODULES = YES;
				CLANG_ENABLE_OBJC_ARC = YES;
				CLANG_WARN_BLOCK_CAPTURE_AUTORELEASING = YES;
				CLANG_WARN_BOOL_CONVERSION = YES;
				CLANG_WARN_COMMA = YES;
				CLANG_WARN_CONSTANT_CONVERSION = YES;
				CLANG_WARN_DIRECT_OBJC_ISA_USAGE = YES_ERROR;
				CLANG_WARN_DOCUMENTATION_COMMENTS = YES;
				CLANG_WARN_EMPTY_BODY = YES;
				CLANG_WARN_ENUM_CONVERSION = YES;
				CLANG_WARN_INFINITE_RECURSION = YES;
				CLANG_WARN_INT_CONVERSION = YES;
				CLANG_WARN_NON_LITERAL_NULL_CONVERSION = YES;
				CLANG_WARN_OBJC_LITERAL_CONVERSION = YES;
				CLANG_WARN_OBJC_ROOT_CLASS = YES_ERROR;
				CLANG_WARN_RANGE_LOOP_ANALYSIS = YES;
				CLANG_WARN_STRICT_PROTOTYPES = YES;
				CLANG_WARN_SUSPICIOUS_MOVE = YES;
				CLANG_WARN_UNGUARDED_AVAILABILITY = YES_AGGRESSIVE;
				CLANG_WARN_UNREACHABLE_CODE = YES;
				CLANG_WARN__DUPLICATE_METHOD_MATCH = YES;
				CODE_SIGN_IDENTITY = "iPhone Developer";
				COPY_PHASE_STRIP = NO;
				DEBUG_INFORMATION_FORMAT = "dwarf-with-dsym";
				ENABLE_NS_ASSERTIONS = NO;
				ENABLE_STRICT_OBJC_MSGSEND = YES;
				GCC_C_LANGUAGE_STANDARD = gnu11;
				GCC_NO_COMMON_BLOCKS = YES;
				GCC_WARN_64_TO_32_BIT_CONVERSION = YES;
				GCC_WARN_ABOUT_RETURN_TYPE = YES_ERROR;
				GCC_WARN_UNDECLARED_SELECTOR = YES;
				GCC_WARN_UNINITIALIZED_AUTOS = YES_AGGRESSIVE;
				GCC_WARN_UNUSED_FUNCTION = YES;
				GCC_WARN_UNUSED_VARIABLE = YES;
				IPHONEOS_DEPLOYMENT_TARGET = 11.2;
				MTL_ENABLE_DEBUG_INFO = NO;
				SDKROOT = iphoneos;
				SWIFT_OPTIMIZATION_LEVEL = "-Owholemodule";
				VALIDATE_PRODUCT = YES;
			};
			name = Release;
		};
		BEAF86D72016ADEC007BD17B /* Debug */ = {
			isa = XCBuildConfiguration;
			buildSettings = {
				ASSETCATALOG_COMPILER_APPICON_NAME = AppIcon;
				CODE_SIGN_STYLE = Automatic;
				INFOPLIST_FILE = TodoList/Info.plist;
				LD_RUNPATH_SEARCH_PATHS = "$(inherited) @executable_path/Frameworks";
				PRODUCT_BUNDLE_IDENTIFIER = io.croga.TodoList;
				PRODUCT_NAME = "$(TARGET_NAME)";
				SWIFT_VERSION = 4.0;
				TARGETED_DEVICE_FAMILY = "1,2";
			};
			name = Debug;
		};
		BEAF86D82016ADEC007BD17B /* Release */ = {
			isa = XCBuildConfiguration;
			buildSettings = {
				ASSETCATALOG_COMPILER_APPICON_NAME = AppIcon;
				CODE_SIGN_STYLE = Automatic;
				INFOPLIST_FILE = TodoList/Info.plist;
				LD_RUNPATH_SEARCH_PATHS = "$(inherited) @executable_path/Frameworks";
				PRODUCT_BUNDLE_IDENTIFIER = io.croga.TodoList;
				PRODUCT_NAME = "$(TARGET_NAME)";
				SWIFT_VERSION = 4.0;
				TARGETED_DEVICE_FAMILY = "1,2";
			};
			name = Release;
		};
/* End XCBuildConfiguration section */

/* Begin XCConfigurationList section */
		BEAF86BC2016ADEC007BD17B /* Build configuration list for PBXProject "TodoList" */ = {
			isa = XCConfigurationList;
			buildConfigurations = (
				BEAF86D42016ADEC007BD17B /* Debug */,
				BEAF86D52016ADEC007BD17B /* Release */,
			);
			defaultConfigurationIsVisible = 0;
			defaultConfigurationName = Release;
		};
		BEAF86D62016ADEC007BD17B /* Build configuration list for PBXNativeTarget "TodoList" */ = {
			isa = XCConfigurationList;
			buildConfigurations = (
				BEAF86D72016ADEC007BD17B /* Debug */,
				BEAF86D82016ADEC007BD17B /* Release */,
			);
			defaultConfigurationIsVisible = 0;
			defaultConfigurationName = Release;
		};
/* End XCConfigurationList section */

/* Begin XCVersionGroup section */
		BEAF86CB2016ADEC007BD17B /* TodoList.xcdatamodeld */ = {
			isa = XCVersionGroup;
			children = (
				BEAF86CC2016ADEC007BD17B /* TodoList.xcdatamodel */,
			);
			currentVersion = BEAF86CC2016ADEC007BD17B /* TodoList.xcdatamodel */;
			path = TodoList.xcdatamodeld;
			sourceTree = "<group>";
			versionGroupType = wrapper.xcdatamodel;
		};
/* End XCVersionGroup section */
	};
	rootObject = BEAF86B92016ADEC007BD17B /* Project object */;
}
